<?xml version="1.0" encoding="utf-8"?>
<Project ToolsVersion="4.0" xmlns="http://schemas.microsoft.com/developer/msbuild/2003">
  <ItemGroup>
    <Filter Include="源文件">
      <UniqueIdentifier>{4FC737F1-C7A5-4376-A066-2A32D752A2FF}</UniqueIdentifier>
      <Extensions>cpp;c;cc;cxx;def;odl;idl;hpj;bat;asm;asmx</Extensions>
    </Filter>
    <Filter Include="头文件">
      <UniqueIdentifier>{93995380-89BD-4b04-88EB-625FBE52EBFB}</UniqueIdentifier>
      <Extensions>h;hpp;hxx;hm;inl;inc;xsd</Extensions>
    </Filter>
    <Filter Include="资源文件">
      <UniqueIdentifier>{67DA6AB6-F800-4c08-8B7A-83BB121AAD01}</UniqueIdentifier>
      <Extensions>rc;ico;cur;bmp;dlg;rc2;rct;bin;rgs;gif;jpg;jpeg;jpe;resx;tiff;tif;png;wav;mfcribbon-ms</Extensions>
    </Filter>
    <Filter Include="头文件\android">
      <UniqueIdentifier>{3cf0febf-35a2-4a02-82bf-05687ac53e83}</UniqueIdentifier>
    </Filter>
    <Filter Include="头文件\util">
      <UniqueIdentifier>{c6f1afa3-e3f7-4bc3-95bc-3ceffd3103a5}</UniqueIdentifier>
    </Filter>
  </ItemGroup>
  <ItemGroup>
    <Text Include="ReadMe.txt" />
  </ItemGroup>
  <ItemGroup>
    <ClInclude Include="stdafx.h">
      <Filter>头文件</Filter>
    </ClInclude>
    <ClInclude Include="targetver.h">
      <Filter>头文件</Filter>
    </ClInclude>
    <ClInclude Include="Resource.h">
      <Filter>头文件</Filter>
    </ClInclude>
    <ClInclude Include="PhoneManager.h">
      <Filter>头文件</Filter>
    </ClInclude>
    <ClInclude Include="VideoService.h">
      <Filter>头文件</Filter>
    </ClInclude>
    <ClInclude Include="Dxva2D3DUtils.h">
      <Filter>头文件</Filter>
    </ClInclude>
    <ClInclude Include="FlyTools.h">
      <Filter>头文件</Filter>
    </ClInclude>
    <ClInclude Include="android\input.h">
      <Filter>头文件\android</Filter>
    </ClInclude>
    <ClInclude Include="android\keycodes.h">
      <Filter>头文件\android</Filter>
    </ClInclude>
    <ClInclude Include="util\buffer_util.h">
      <Filter>头文件\util</Filter>
    </ClInclude>
    <ClInclude Include="Controller.h">
      <Filter>头文件</Filter>
    </ClInclude>
    <ClInclude Include="screen.h">
      <Filter>头文件</Filter>
    </ClInclude>
  </ItemGroup>
  <ItemGroup>
    <ClCompile Include="stdafx.cpp">
      <Filter>源文件</Filter>
    </ClCompile>
    <ClCompile Include="PhoneManager.cpp">
      <Filter>源文件</Filter>
    </ClCompile>
    <ClCompile Include="VideoService.cpp">
      <Filter>源文件</Filter>
    </ClCompile>
    <ClCompile Include="Dxva2D3DUtils.cpp">
      <Filter>源文件</Filter>
    </ClCompile>
    <ClCompile Include="FlyTools.cpp">
      <Filter>源文件</Filter>
    </ClCompile>
    <ClCompile Include="Controller.cpp">
      <Filter>源文件</Filter>
    </ClCompile>
  </ItemGroup>
  <ItemGroup>
    <ResourceCompile Include="PhoneManager.rc">
      <Filter>资源文件</Filter>
    </ResourceCompile>
  </ItemGroup>
  <ItemGroup>
    <Image Include="small.ico">
      <Filter>资源文件</Filter>
    </Image>
    <Image Include="PhoneManager.ico">
      <Filter>资源文件</Filter>
    </Image>
  </ItemGroup>
</Project>